
Microsoft Visual Studio Solution File, Format Version 12.00
# Visual Studio Version 16
VisualStudioVersion = 16.0.31129.286
MinimumVisualStudioVersion = 10.0.40219.1
Project("{9A19103F-16F7-4668-BE54-9A1E7A4F7556}") = "RelatorioVM.Dominio", "Source\RelatorioVM.Dominio\RelatorioVM.Dominio.csproj", "{34CFFECB-CAF8-4274-9ADA-87A3D0840880}"
EndProject
Project("{9A19103F-16F7-4668-BE54-9A1E7A4F7556}") = "RelatorioVM.Demo", "Source\RelatorioVM.Demo\RelatorioVM.Demo.csproj", "{A2BF46CD-C72F-4B2B-A270-07B9710CE7ED}"
EndProject
Project("{9A19103F-16F7-4668-BE54-9A1E7A4F7556}") = "RelatorioVM", "Source\RelatorioVM\RelatorioVM.csproj", "{9C58ABD1-4C89-4BA7-91CD-80C137F78D0C}"
EndProject
Global
	GlobalSection(SolutionConfigurationPlatforms) = preSolution
		Debug|Any CPU = Debug|Any CPU
		Release|Any CPU = Release|Any CPU
	EndGlobalSection
	GlobalSection(ProjectConfigurationPlatforms) = postSolution
		{34CFFECB-CAF8-4274-9ADA-87A3D0840880}.Debug|Any CPU.ActiveCfg = Debug|Any CPU
		{34CFFECB-CAF8-4274-9ADA-87A3D0840880}.Debug|Any CPU.Build.0 = Debug|Any CPU
		{34CFFECB-CAF8-4274-9ADA-87A3D0840880}.Release|Any CPU.ActiveCfg = Release|Any CPU
		{34CFFECB-CAF8-4274-9ADA-87A3D0840880}.Release|Any CPU.Build.0 = Release|Any CPU
		{A2BF46CD-C72F-4B2B-A270-07B9710CE7ED}.Debug|Any CPU.ActiveCfg = Debug|Any CPU
		{A2BF46CD-C72F-4B2B-A270-07B9710CE7ED}.Debug|Any CPU.Build.0 = Debug|Any CPU
		{A2BF46CD-C72F-4B2B-A270-07B9710CE7ED}.Release|Any CPU.ActiveCfg = Release|Any CPU
		{A2BF46CD-C72F-4B2B-A270-07B9710CE7ED}.Release|Any CPU.Build.0 = Release|Any CPU
		{9C58ABD1-4C89-4BA7-91CD-80C137F78D0C}.Debug|Any CPU.ActiveCfg = Debug|Any CPU
		{9C58ABD1-4C89-4BA7-91CD-80C137F78D0C}.Debug|Any CPU.Build.0 = Debug|Any CPU
		{9C58ABD1-4C89-4BA7-91CD-80C137F78D0C}.Release|Any CPU.ActiveCfg = Release|Any CPU
		{9C58ABD1-4C89-4BA7-91CD-80C137F78D0C}.Release|Any CPU.Build.0 = Release|Any CPU
	EndGlobalSection
	GlobalSection(SolutionProperties) = preSolution
		HideSolutionNode = FALSE
	EndGlobalSection
	GlobalSection(ExtensibilityGlobals) = postSolution
		SolutionGuid = {B0E752F4-35F0-47E3-8B6A-D1B5809619CF}
	EndGlobalSection
EndGlobal
